
Microsoft Visual Studio Solution File, Format Version 12.00
# Visual Studio 15
VisualStudioVersion = 15.0.28307.572
MinimumVisualStudioVersion = 10.0.40219.1
Project("{FAE04EC0-301F-11D3-BF4B-00C04F79EFBC}") = "Hs.Android", "Hs\Hs.Android\Hs.Android.csproj", "{DB9700B4-381B-4C81-9D9E-4B92116B9DB3}"
EndProject
Project("{FAE04EC0-301F-11D3-BF4B-00C04F79EFBC}") = "Hs.iOS", "Hs\Hs.iOS\Hs.iOS.csproj", "{895405AE-3846-41C9-9928-F7006D2CE889}"
EndProject
Project("{FAE04EC0-301F-11D3-BF4B-00C04F79EFBC}") = "Hs", "Hs\Hs\Hs.csproj", "{00D7C38A-D8C6-49DC-8AA5-7BCFAAA68AE7}"
EndProject
Global
	GlobalSection(SolutionConfigurationPlatforms) = preSolution
		Ad-Hoc|Any CPU = Ad-Hoc|Any CPU
		Ad-Hoc|iPhone = Ad-Hoc|iPhone
		Ad-Hoc|iPhoneSimulator = Ad-Hoc|iPhoneSimulator
		AppStore|Any CPU = AppStore|Any CPU
		AppStore|iPhone = AppStore|iPhone
		AppStore|iPhoneSimulator = AppStore|iPhoneSimulator
		Debug|Any CPU = Debug|Any CPU
		Debug|iPhone = Debug|iPhone
		Debug|iPhoneSimulator = Debug|iPhoneSimulator
		Release|Any CPU = Release|Any CPU
		Release|iPhone = Release|iPhone
		Release|iPhoneSimulator = Release|iPhoneSimulator
	EndGlobalSection
	GlobalSection(ProjectConfigurationPlatforms) = postSolution
		{DB9700B4-381B-4C81-9D9E-4B92116B9DB3}.Ad-Hoc|Any CPU.ActiveCfg = Release|Any CPU
		{DB9700B4-381B-4C81-9D9E-4B92116B9DB3}.Ad-Hoc|Any CPU.Build.0 = Release|Any CPU
		{DB9700B4-381B-4C81-9D9E-4B92116B9DB3}.Ad-Hoc|Any CPU.Deploy.0 = Release|Any CPU
		{DB9700B4-381B-4C81-9D9E-4B92116B9DB3}.Ad-Hoc|iPhone.ActiveCfg = Release|Any CPU
		{DB9700B4-381B-4C81-9D9E-4B92116B9DB3}.Ad-Hoc|iPhone.Build.0 = Release|Any CPU
		{DB9700B4-381B-4C81-9D9E-4B92116B9DB3}.Ad-Hoc|iPhone.Deploy.0 = Release|Any CPU
		{DB9700B4-381B-4C81-9D9E-4B92116B9DB3}.Ad-Hoc|iPhoneSimulator.ActiveCfg = Release|Any CPU
		{DB9700B4-381B-4C81-9D9E-4B92116B9DB3}.Ad-Hoc|iPhoneSimulator.Build.0 = Release|Any CPU
		{DB9700B4-381B-4C81-9D9E-4B92116B9DB3}.Ad-Hoc|iPhoneSimulator.Deploy.0 = Release|Any CPU
		{DB9700B4-381B-4C81-9D9E-4B92116B9DB3}.AppStore|Any CPU.ActiveCfg = Release|Any CPU
		{DB9700B4-381B-4C81-9D9E-4B92116B9DB3}.AppStore|Any CPU.Build.0 = Release|Any CPU
		{DB9700B4-381B-4C81-9D9E-4B92116B9DB3}.AppStore|Any CPU.Deploy.0 = Release|Any CPU
		{DB9700B4-381B-4C81-9D9E-4B92116B9DB3}.AppStore|iPhone.ActiveCfg = Release|Any CPU
		{DB9700B4-381B-4C81-9D9E-4B92116B9DB3}.AppStore|iPhone.Build.0 = Release|Any CPU
		{DB9700B4-381B-4C81-9D9E-4B92116B9DB3}.AppStore|iPhone.Deploy.0 = Release|Any CPU
		{DB9700B4-381B-4C81-9D9E-4B92116B9DB3}.AppStore|iPhoneSimulator.ActiveCfg = Release|Any CPU
		{DB9700B4-381B-4C81-9D9E-4B92116B9DB3}.AppStore|iPhoneSimulator.Build.0 = Release|Any CPU
		{DB9700B4-381B-4C81-9D9E-4B92116B9DB3}.AppStore|iPhoneSimulator.Deploy.0 = Release|Any CPU
		{DB9700B4-381B-4C81-9D9E-4B92116B9DB3}.Debug|Any CPU.ActiveCfg = Debug|Any CPU
		{DB9700B4-381B-4C81-9D9E-4B92116B9DB3}.Debug|Any CPU.Build.0 = Debug|Any CPU
		{DB9700B4-381B-4C81-9D9E-4B92116B9DB3}.Debug|Any CPU.Deploy.0 = Debug|Any CPU
		{DB9700B4-381B-4C81-9D9E-4B92116B9DB3}.Debug|iPhone.ActiveCfg = Debug|Any CPU
		{DB9700B4-381B-4C81-9D9E-4B92116B9DB3}.Debug|iPhone.Build.0 = Debug|Any CPU
		{DB9700B4-381B-4C81-9D9E-4B92116B9DB3}.Debug|iPhone.Deploy.0 = Debug|Any CPU
		{DB9700B4-381B-4C81-9D9E-4B92116B9DB3}.Debug|iPhoneSimulator.ActiveCfg = Debug|Any CPU
		{DB9700B4-381B-4C81-9D9E-4B92116B9DB3}.Debug|iPhoneSimulator.Build.0 = Debug|Any CPU
		{DB9700B4-381B-4C81-9D9E-4B92116B9DB3}.Debug|iPhoneSimulator.Deploy.0 = Debug|Any CPU
		{DB9700B4-381B-4C81-9D9E-4B92116B9DB3}.Release|Any CPU.ActiveCfg = Release|Any CPU
		{DB9700B4-381B-4C81-9D9E-4B92116B9DB3}.Release|Any CPU.Build.0 = Release|Any CPU
		{DB9700B4-381B-4C81-9D9E-4B92116B9DB3}.Release|Any CPU.Deploy.0 = Release|Any CPU
		{DB9700B4-381B-4C81-9D9E-4B92116B9DB3}.Release|iPhone.ActiveCfg = Release|Any CPU
		{DB9700B4-381B-4C81-9D9E-4B92116B9DB3}.Release|iPhone.Build.0 = Release|Any CPU
		{DB9700B4-381B-4C81-9D9E-4B92116B9DB3}.Release|iPhone.Deploy.0 = Release|Any CPU
		{DB9700B4-381B-4C81-9D9E-4B92116B9DB3}.Release|iPhoneSimulator.ActiveCfg = Release|Any CPU
		{DB9700B4-381B-4C81-9D9E-4B92116B9DB3}.Release|iPhoneSimulator.Build.0 = Release|Any CPU
		{DB9700B4-381B-4C81-9D9E-4B92116B9DB3}.Release|iPhoneSimulator.Deploy.0 = Release|Any CPU
		{895405AE-3846-41C9-9928-F7006D2CE889}.Ad-Hoc|Any CPU.ActiveCfg = Ad-Hoc|iPhone
		{895405AE-3846-41C9-9928-F7006D2CE889}.Ad-Hoc|Any CPU.Build.0 = Ad-Hoc|iPhone
		{895405AE-3846-41C9-9928-F7006D2CE889}.Ad-Hoc|Any CPU.Deploy.0 = Ad-Hoc|iPhone
		{895405AE-3846-41C9-9928-F7006D2CE889}.Ad-Hoc|iPhone.ActiveCfg = Ad-Hoc|iPhone
		{895405AE-3846-41C9-9928-F7006D2CE889}.Ad-Hoc|iPhone.Build.0 = Ad-Hoc|iPhone
		{895405AE-3846-41C9-9928-F7006D2CE889}.Ad-Hoc|iPhone.Deploy.0 = Ad-Hoc|iPhone
		{895405AE-3846-41C9-9928-F7006D2CE889}.Ad-Hoc|iPhoneSimulator.ActiveCfg = Ad-Hoc|iPhoneSimulator
		{895405AE-3846-41C9-9928-F7006D2CE889}.Ad-Hoc|iPhoneSimulator.Build.0 = Ad-Hoc|iPhoneSimulator
		{895405AE-3846-41C9-9928-F7006D2CE889}.Ad-Hoc|iPhoneSimulator.Deploy.0 = Ad-Hoc|iPhoneSimulator
		{895405AE-3846-41C9-9928-F7006D2CE889}.AppStore|Any CPU.ActiveCfg = AppStore|iPhone
		{895405AE-3846-41C9-9928-F7006D2CE889}.AppStore|Any CPU.Build.0 = AppStore|iPhone
		{895405AE-3846-41C9-9928-F7006D2CE889}.AppStore|Any CPU.Deploy.0 = AppStore|iPhone
		{895405AE-3846-41C9-9928-F7006D2CE889}.AppStore|iPhone.ActiveCfg = AppStore|iPhone
		{895405AE-3846-41C9-9928-F7006D2CE889}.AppStore|iPhone.Build.0 = AppStore|iPhone
		{895405AE-3846-41C9-9928-F7006D2CE889}.AppStore|iPhone.Deploy.0 = AppStore|iPhone
		{895405AE-3846-41C9-9928-F7006D2CE889}.AppStore|iPhoneSimulator.ActiveCfg = AppStore|iPhoneSimulator
		{895405AE-3846-41C9-9928-F7006D2CE889}.AppStore|iPhoneSimulator.Build.0 = AppStore|iPhoneSimulator
		{895405AE-3846-41C9-9928-F7006D2CE889}.AppStore|iPhoneSimulator.Deploy.0 = AppStore|iPhoneSimulator
		{895405AE-3846-41C9-9928-F7006D2CE889}.Debug|Any CPU.ActiveCfg = Debug|iPhoneSimulator
		{895405AE-3846-41C9-9928-F7006D2CE889}.Debug|Any CPU.Build.0 = Debug|iPhoneSimulator
		{895405AE-3846-41C9-9928-F7006D2CE889}.Debug|Any CPU.Deploy.0 = Debug|iPhoneSimulator
		{895405AE-3846-41C9-9928-F7006D2CE889}.Debug|iPhone.ActiveCfg = Debug|iPhone
		{895405AE-3846-41C9-9928-F7006D2CE889}.Debug|iPhone.Build.0 = Debug|iPhone
		{895405AE-3846-41C9-9928-F7006D2CE889}.Debug|iPhone.Deploy.0 = Debug|iPhone
		{895405AE-3846-41C9-9928-F7006D2CE889}.Debug|iPhoneSimulator.ActiveCfg = Debug|iPhoneSimulator
		{895405AE-3846-41C9-9928-F7006D2CE889}.Debug|iPhoneSimulator.Build.0 = Debug|iPhoneSimulator
		{895405AE-3846-41C9-9928-F7006D2CE889}.Debug|iPhoneSimulator.Deploy.0 = Debug|iPhoneSimulator
		{895405AE-3846-41C9-9928-F7006D2CE889}.Release|Any CPU.ActiveCfg = Release|iPhone
		{895405AE-3846-41C9-9928-F7006D2CE889}.Release|Any CPU.Build.0 = Release|iPhone
		{895405AE-3846-41C9-9928-F7006D2CE889}.Release|Any CPU.Deploy.0 = Release|iPhone
		{895405AE-3846-41C9-9928-F7006D2CE889}.Release|iPhone.ActiveCfg = Release|iPhone
		{895405AE-3846-41C9-9928-F7006D2CE889}.Release|iPhone.Build.0 = Release|iPhone
		{895405AE-3846-41C9-9928-F7006D2CE889}.Release|iPhone.Deploy.0 = Release|iPhone
		{895405AE-3846-41C9-9928-F7006D2CE889}.Release|iPhoneSimulator.ActiveCfg = Release|iPhoneSimulator
		{895405AE-3846-41C9-9928-F7006D2CE889}.Release|iPhoneSimulator.Build.0 = Release|iPhoneSimulator
		{895405AE-3846-41C9-9928-F7006D2CE889}.Release|iPhoneSimulator.Deploy.0 = Release|iPhoneSimulator
		{00D7C38A-D8C6-49DC-8AA5-7BCFAAA68AE7}.Ad-Hoc|Any CPU.ActiveCfg = Debug|Any CPU
		{00D7C38A-D8C6-49DC-8AA5-7BCFAAA68AE7}.Ad-Hoc|Any CPU.Build.0 = Debug|Any CPU
		{00D7C38A-D8C6-49DC-8AA5-7BCFAAA68AE7}.Ad-Hoc|Any CPU.Deploy.0 = Debug|Any CPU
		{00D7C38A-D8C6-49DC-8AA5-7BCFAAA68AE7}.Ad-Hoc|iPhone.ActiveCfg = Debug|Any CPU
		{00D7C38A-D8C6-49DC-8AA5-7BCFAAA68AE7}.Ad-Hoc|iPhone.Build.0 = Debug|Any CPU
		{00D7C38A-D8C6-49DC-8AA5-7BCFAAA68AE7}.Ad-Hoc|iPhone.Deploy.0 = Debug|Any CPU
		{00D7C38A-D8C6-49DC-8AA5-7BCFAAA68AE7}.Ad-Hoc|iPhoneSimulator.ActiveCfg = Debug|Any CPU
		{00D7C38A-D8C6-49DC-8AA5-7BCFAAA68AE7}.Ad-Hoc|iPhoneSimulator.Build.0 = Debug|Any CPU
		{00D7C38A-D8C6-49DC-8AA5-7BCFAAA68AE7}.Ad-Hoc|iPhoneSimulator.Deploy.0 = Debug|Any CPU
		{00D7C38A-D8C6-49DC-8AA5-7BCFAAA68AE7}.AppStore|Any CPU.ActiveCfg = Debug|Any CPU
		{00D7C38A-D8C6-49DC-8AA5-7BCFAAA68AE7}.AppStore|Any CPU.Build.0 = Debug|Any CPU
		{00D7C38A-D8C6-49DC-8AA5-7BCFAAA68AE7}.AppStore|Any CPU.Deploy.0 = Debug|Any CPU
		{00D7C38A-D8C6-49DC-8AA5-7BCFAAA68AE7}.AppStore|iPhone.ActiveCfg = Debug|Any CPU
		{00D7C38A-D8C6-49DC-8AA5-7BCFAAA68AE7}.AppStore|iPhone.Build.0 = Debug|Any CPU
		{00D7C38A-D8C6-49DC-8AA5-7BCFAAA68AE7}.AppStore|iPhone.Deploy.0 = Debug|Any CPU
		{00D7C38A-D8C6-49DC-8AA5-7BCFAAA68AE7}.AppStore|iPhoneSimulator.ActiveCfg = Debug|Any CPU
		{00D7C38A-D8C6-49DC-8AA5-7BCFAAA68AE7}.AppStore|iPhoneSimulator.Build.0 = Debug|Any CPU
		{00D7C38A-D8C6-49DC-8AA5-7BCFAAA68AE7}.AppStore|iPhoneSimulator.Deploy.0 = Debug|Any CPU
		{00D7C38A-D8C6-49DC-8AA5-7BCFAAA68AE7}.Debug|Any CPU.ActiveCfg = Debug|Any CPU
		{00D7C38A-D8C6-49DC-8AA5-7BCFAAA68AE7}.Debug|Any CPU.Build.0 = Debug|Any CPU
		{00D7C38A-D8C6-49DC-8AA5-7BCFAAA68AE7}.Debug|Any CPU.Deploy.0 = Debug|Any CPU
		{00D7C38A-D8C6-49DC-8AA5-7BCFAAA68AE7}.Debug|iPhone.ActiveCfg = Debug|Any CPU
		{00D7C38A-D8C6-49DC-8AA5-7BCFAAA68AE7}.Debug|iPhone.Build.0 = Debug|Any CPU
		{00D7C38A-D8C6-49DC-8AA5-7BCFAAA68AE7}.Debug|iPhone.Deploy.0 = Debug|Any CPU
		{00D7C38A-D8C6-49DC-8AA5-7BCFAAA68AE7}.Debug|iPhoneSimulator.ActiveCfg = Debug|Any CPU
		{00D7C38A-D8C6-49DC-8AA5-7BCFAAA68AE7}.Debug|iPhoneSimulator.Build.0 = Debug|Any CPU
		{00D7C38A-D8C6-49DC-8AA5-7BCFAAA68AE7}.Debug|iPhoneSimulator.Deploy.0 = Debug|Any CPU
		{00D7C38A-D8C6-49DC-8AA5-7BCFAAA68AE7}.Release|Any CPU.ActiveCfg = Release|Any CPU
		{00D7C38A-D8C6-49DC-8AA5-7BCFAAA68AE7}.Release|Any CPU.Build.0 = Release|Any CPU
		{00D7C38A-D8C6-49DC-8AA5-7BCFAAA68AE7}.Release|Any CPU.Deploy.0 = Release|Any CPU
		{00D7C38A-D8C6-49DC-8AA5-7BCFAAA68AE7}.Release|iPhone.ActiveCfg = Release|Any CPU
		{00D7C38A-D8C6-49DC-8AA5-7BCFAAA68AE7}.Release|iPhone.Build.0 = Release|Any CPU
		{00D7C38A-D8C6-49DC-8AA5-7BCFAAA68AE7}.Release|iPhone.Deploy.0 = Release|Any CPU
		{00D7C38A-D8C6-49DC-8AA5-7BCFAAA68AE7}.Release|iPhoneSimulator.ActiveCfg = Release|Any CPU
		{00D7C38A-D8C6-49DC-8AA5-7BCFAAA68AE7}.Release|iPhoneSimulator.Build.0 = Release|Any CPU
		{00D7C38A-D8C6-49DC-8AA5-7BCFAAA68AE7}.Release|iPhoneSimulator.Deploy.0 = Release|Any CPU
	EndGlobalSection
	GlobalSection(SolutionProperties) = preSolution
		HideSolutionNode = FALSE
	EndGlobalSection
	GlobalSection(ExtensibilityGlobals) = postSolution
		SolutionGuid = {A4EA0EE6-C8E2-42C5-BA1F-CF472BB33ECF}
	EndGlobalSection
EndGlobal
