
Microsoft Visual Studio Solution File, Format Version 12.00
# Visual Studio 15
VisualStudioVersion = 15.0.28307.421
MinimumVisualStudioVersion = 10.0.40219.1
Project("{FAE04EC0-301F-11D3-BF4B-00C04F79EFBC}") = "HSpdv.Android", "HSpdv\HSpdv.Android\HSpdv.Android.csproj", "{6A0386DE-6460-4522-9A3F-4DF358568FB6}"
EndProject
Project("{FAE04EC0-301F-11D3-BF4B-00C04F79EFBC}") = "HSpdv.iOS", "HSpdv\HSpdv.iOS\HSpdv.iOS.csproj", "{4017492E-E956-45A3-992A-26897096C18B}"
EndProject
Project("{FAE04EC0-301F-11D3-BF4B-00C04F79EFBC}") = "HSpdv.UWP", "HSpdv\HSpdv.UWP\HSpdv.UWP.csproj", "{0FFE3885-A33E-414D-B041-D606EEB788D0}"
EndProject
Project("{FAE04EC0-301F-11D3-BF4B-00C04F79EFBC}") = "HSpdv", "HSpdv\HSpdv\HSpdv.csproj", "{49D594A2-844F-4CCA-887D-96DD4245D5F7}"
EndProject
Global
	GlobalSection(SolutionConfigurationPlatforms) = preSolution
		Ad-Hoc|Any CPU = Ad-Hoc|Any CPU
		Ad-Hoc|ARM = Ad-Hoc|ARM
		Ad-Hoc|iPhone = Ad-Hoc|iPhone
		Ad-Hoc|iPhoneSimulator = Ad-Hoc|iPhoneSimulator
		Ad-Hoc|x64 = Ad-Hoc|x64
		Ad-Hoc|x86 = Ad-Hoc|x86
		AppStore|Any CPU = AppStore|Any CPU
		AppStore|ARM = AppStore|ARM
		AppStore|iPhone = AppStore|iPhone
		AppStore|iPhoneSimulator = AppStore|iPhoneSimulator
		AppStore|x64 = AppStore|x64
		AppStore|x86 = AppStore|x86
		Debug|Any CPU = Debug|Any CPU
		Debug|ARM = Debug|ARM
		Debug|iPhone = Debug|iPhone
		Debug|iPhoneSimulator = Debug|iPhoneSimulator
		Debug|x64 = Debug|x64
		Debug|x86 = Debug|x86
		Release|Any CPU = Release|Any CPU
		Release|ARM = Release|ARM
		Release|iPhone = Release|iPhone
		Release|iPhoneSimulator = Release|iPhoneSimulator
		Release|x64 = Release|x64
		Release|x86 = Release|x86
	EndGlobalSection
	GlobalSection(ProjectConfigurationPlatforms) = postSolution
		{6A0386DE-6460-4522-9A3F-4DF358568FB6}.Ad-Hoc|Any CPU.ActiveCfg = Release|Any CPU
		{6A0386DE-6460-4522-9A3F-4DF358568FB6}.Ad-Hoc|Any CPU.Build.0 = Release|Any CPU
		{6A0386DE-6460-4522-9A3F-4DF358568FB6}.Ad-Hoc|Any CPU.Deploy.0 = Release|Any CPU
		{6A0386DE-6460-4522-9A3F-4DF358568FB6}.Ad-Hoc|ARM.ActiveCfg = Release|Any CPU
		{6A0386DE-6460-4522-9A3F-4DF358568FB6}.Ad-Hoc|ARM.Build.0 = Release|Any CPU
		{6A0386DE-6460-4522-9A3F-4DF358568FB6}.Ad-Hoc|ARM.Deploy.0 = Release|Any CPU
		{6A0386DE-6460-4522-9A3F-4DF358568FB6}.Ad-Hoc|iPhone.ActiveCfg = Release|Any CPU
		{6A0386DE-6460-4522-9A3F-4DF358568FB6}.Ad-Hoc|iPhone.Build.0 = Release|Any CPU
		{6A0386DE-6460-4522-9A3F-4DF358568FB6}.Ad-Hoc|iPhone.Deploy.0 = Release|Any CPU
		{6A0386DE-6460-4522-9A3F-4DF358568FB6}.Ad-Hoc|iPhoneSimulator.ActiveCfg = Release|Any CPU
		{6A0386DE-6460-4522-9A3F-4DF358568FB6}.Ad-Hoc|iPhoneSimulator.Build.0 = Release|Any CPU
		{6A0386DE-6460-4522-9A3F-4DF358568FB6}.Ad-Hoc|iPhoneSimulator.Deploy.0 = Release|Any CPU
		{6A0386DE-6460-4522-9A3F-4DF358568FB6}.Ad-Hoc|x64.ActiveCfg = Release|Any CPU
		{6A0386DE-6460-4522-9A3F-4DF358568FB6}.Ad-Hoc|x64.Build.0 = Release|Any CPU
		{6A0386DE-6460-4522-9A3F-4DF358568FB6}.Ad-Hoc|x64.Deploy.0 = Release|Any CPU
		{6A0386DE-6460-4522-9A3F-4DF358568FB6}.Ad-Hoc|x86.ActiveCfg = Release|Any CPU
		{6A0386DE-6460-4522-9A3F-4DF358568FB6}.Ad-Hoc|x86.Build.0 = Release|Any CPU
		{6A0386DE-6460-4522-9A3F-4DF358568FB6}.Ad-Hoc|x86.Deploy.0 = Release|Any CPU
		{6A0386DE-6460-4522-9A3F-4DF358568FB6}.AppStore|Any CPU.ActiveCfg = Release|Any CPU
		{6A0386DE-6460-4522-9A3F-4DF358568FB6}.AppStore|Any CPU.Build.0 = Release|Any CPU
		{6A0386DE-6460-4522-9A3F-4DF358568FB6}.AppStore|Any CPU.Deploy.0 = Release|Any CPU
		{6A0386DE-6460-4522-9A3F-4DF358568FB6}.AppStore|ARM.ActiveCfg = Release|Any CPU
		{6A0386DE-6460-4522-9A3F-4DF358568FB6}.AppStore|ARM.Build.0 = Release|Any CPU
		{6A0386DE-6460-4522-9A3F-4DF358568FB6}.AppStore|ARM.Deploy.0 = Release|Any CPU
		{6A0386DE-6460-4522-9A3F-4DF358568FB6}.AppStore|iPhone.ActiveCfg = Release|Any CPU
		{6A0386DE-6460-4522-9A3F-4DF358568FB6}.AppStore|iPhone.Build.0 = Release|Any CPU
		{6A0386DE-6460-4522-9A3F-4DF358568FB6}.AppStore|iPhone.Deploy.0 = Release|Any CPU
		{6A0386DE-6460-4522-9A3F-4DF358568FB6}.AppStore|iPhoneSimulator.ActiveCfg = Release|Any CPU
		{6A0386DE-6460-4522-9A3F-4DF358568FB6}.AppStore|iPhoneSimulator.Build.0 = Release|Any CPU
		{6A0386DE-6460-4522-9A3F-4DF358568FB6}.AppStore|iPhoneSimulator.Deploy.0 = Release|Any CPU
		{6A0386DE-6460-4522-9A3F-4DF358568FB6}.AppStore|x64.ActiveCfg = Release|Any CPU
		{6A0386DE-6460-4522-9A3F-4DF358568FB6}.AppStore|x64.Build.0 = Release|Any CPU
		{6A0386DE-6460-4522-9A3F-4DF358568FB6}.AppStore|x64.Deploy.0 = Release|Any CPU
		{6A0386DE-6460-4522-9A3F-4DF358568FB6}.AppStore|x86.ActiveCfg = Release|Any CPU
		{6A0386DE-6460-4522-9A3F-4DF358568FB6}.AppStore|x86.Build.0 = Release|Any CPU
		{6A0386DE-6460-4522-9A3F-4DF358568FB6}.AppStore|x86.Deploy.0 = Release|Any CPU
		{6A0386DE-6460-4522-9A3F-4DF358568FB6}.Debug|Any CPU.ActiveCfg = Debug|Any CPU
		{6A0386DE-6460-4522-9A3F-4DF358568FB6}.Debug|Any CPU.Build.0 = Debug|Any CPU
		{6A0386DE-6460-4522-9A3F-4DF358568FB6}.Debug|Any CPU.Deploy.0 = Debug|Any CPU
		{6A0386DE-6460-4522-9A3F-4DF358568FB6}.Debug|ARM.ActiveCfg = Debug|Any CPU
		{6A0386DE-6460-4522-9A3F-4DF358568FB6}.Debug|ARM.Build.0 = Debug|Any CPU
		{6A0386DE-6460-4522-9A3F-4DF358568FB6}.Debug|ARM.Deploy.0 = Debug|Any CPU
		{6A0386DE-6460-4522-9A3F-4DF358568FB6}.Debug|iPhone.ActiveCfg = Debug|Any CPU
		{6A0386DE-6460-4522-9A3F-4DF358568FB6}.Debug|iPhone.Build.0 = Debug|Any CPU
		{6A0386DE-6460-4522-9A3F-4DF358568FB6}.Debug|iPhone.Deploy.0 = Debug|Any CPU
		{6A0386DE-6460-4522-9A3F-4DF358568FB6}.Debug|iPhoneSimulator.ActiveCfg = Debug|Any CPU
		{6A0386DE-6460-4522-9A3F-4DF358568FB6}.Debug|iPhoneSimulator.Build.0 = Debug|Any CPU
		{6A0386DE-6460-4522-9A3F-4DF358568FB6}.Debug|iPhoneSimulator.Deploy.0 = Debug|Any CPU
		{6A0386DE-6460-4522-9A3F-4DF358568FB6}.Debug|x64.ActiveCfg = Debug|Any CPU
		{6A0386DE-6460-4522-9A3F-4DF358568FB6}.Debug|x64.Build.0 = Debug|Any CPU
		{6A0386DE-6460-4522-9A3F-4DF358568FB6}.Debug|x64.Deploy.0 = Debug|Any CPU
		{6A0386DE-6460-4522-9A3F-4DF358568FB6}.Debug|x86.ActiveCfg = Debug|Any CPU
		{6A0386DE-6460-4522-9A3F-4DF358568FB6}.Debug|x86.Build.0 = Debug|Any CPU
		{6A0386DE-6460-4522-9A3F-4DF358568FB6}.Debug|x86.Deploy.0 = Debug|Any CPU
		{6A0386DE-6460-4522-9A3F-4DF358568FB6}.Release|Any CPU.ActiveCfg = Release|Any CPU
		{6A0386DE-6460-4522-9A3F-4DF358568FB6}.Release|Any CPU.Build.0 = Release|Any CPU
		{6A0386DE-6460-4522-9A3F-4DF358568FB6}.Release|Any CPU.Deploy.0 = Release|Any CPU
		{6A0386DE-6460-4522-9A3F-4DF358568FB6}.Release|ARM.ActiveCfg = Release|Any CPU
		{6A0386DE-6460-4522-9A3F-4DF358568FB6}.Release|ARM.Build.0 = Release|Any CPU
		{6A0386DE-6460-4522-9A3F-4DF358568FB6}.Release|ARM.Deploy.0 = Release|Any CPU
		{6A0386DE-6460-4522-9A3F-4DF358568FB6}.Release|iPhone.ActiveCfg = Release|Any CPU
		{6A0386DE-6460-4522-9A3F-4DF358568FB6}.Release|iPhone.Build.0 = Release|Any CPU
		{6A0386DE-6460-4522-9A3F-4DF358568FB6}.Release|iPhone.Deploy.0 = Release|Any CPU
		{6A0386DE-6460-4522-9A3F-4DF358568FB6}.Release|iPhoneSimulator.ActiveCfg = Release|Any CPU
		{6A0386DE-6460-4522-9A3F-4DF358568FB6}.Release|iPhoneSimulator.Build.0 = Release|Any CPU
		{6A0386DE-6460-4522-9A3F-4DF358568FB6}.Release|iPhoneSimulator.Deploy.0 = Release|Any CPU
		{6A0386DE-6460-4522-9A3F-4DF358568FB6}.Release|x64.ActiveCfg = Release|Any CPU
		{6A0386DE-6460-4522-9A3F-4DF358568FB6}.Release|x64.Build.0 = Release|Any CPU
		{6A0386DE-6460-4522-9A3F-4DF358568FB6}.Release|x64.Deploy.0 = Release|Any CPU
		{6A0386DE-6460-4522-9A3F-4DF358568FB6}.Release|x86.ActiveCfg = Release|Any CPU
		{6A0386DE-6460-4522-9A3F-4DF358568FB6}.Release|x86.Build.0 = Release|Any CPU
		{6A0386DE-6460-4522-9A3F-4DF358568FB6}.Release|x86.Deploy.0 = Release|Any CPU
		{4017492E-E956-45A3-992A-26897096C18B}.Ad-Hoc|Any CPU.ActiveCfg = Ad-Hoc|iPhone
		{4017492E-E956-45A3-992A-26897096C18B}.Ad-Hoc|Any CPU.Build.0 = Ad-Hoc|iPhone
		{4017492E-E956-45A3-992A-26897096C18B}.Ad-Hoc|Any CPU.Deploy.0 = Ad-Hoc|iPhone
		{4017492E-E956-45A3-992A-26897096C18B}.Ad-Hoc|ARM.ActiveCfg = Ad-Hoc|iPhone
		{4017492E-E956-45A3-992A-26897096C18B}.Ad-Hoc|ARM.Build.0 = Ad-Hoc|iPhone
		{4017492E-E956-45A3-992A-26897096C18B}.Ad-Hoc|ARM.Deploy.0 = Ad-Hoc|iPhone
		{4017492E-E956-45A3-992A-26897096C18B}.Ad-Hoc|iPhone.ActiveCfg = Ad-Hoc|iPhone
		{4017492E-E956-45A3-992A-26897096C18B}.Ad-Hoc|iPhone.Build.0 = Ad-Hoc|iPhone
		{4017492E-E956-45A3-992A-26897096C18B}.Ad-Hoc|iPhone.Deploy.0 = Ad-Hoc|iPhone
		{4017492E-E956-45A3-992A-26897096C18B}.Ad-Hoc|iPhoneSimulator.ActiveCfg = Ad-Hoc|iPhoneSimulator
		{4017492E-E956-45A3-992A-26897096C18B}.Ad-Hoc|iPhoneSimulator.Build.0 = Ad-Hoc|iPhoneSimulator
		{4017492E-E956-45A3-992A-26897096C18B}.Ad-Hoc|iPhoneSimulator.Deploy.0 = Ad-Hoc|iPhoneSimulator
		{4017492E-E956-45A3-992A-26897096C18B}.Ad-Hoc|x64.ActiveCfg = Ad-Hoc|iPhone
		{4017492E-E956-45A3-992A-26897096C18B}.Ad-Hoc|x64.Build.0 = Ad-Hoc|iPhone
		{4017492E-E956-45A3-992A-26897096C18B}.Ad-Hoc|x64.Deploy.0 = Ad-Hoc|iPhone
		{4017492E-E956-45A3-992A-26897096C18B}.Ad-Hoc|x86.ActiveCfg = Ad-Hoc|iPhone
		{4017492E-E956-45A3-992A-26897096C18B}.Ad-Hoc|x86.Build.0 = Ad-Hoc|iPhone
		{4017492E-E956-45A3-992A-26897096C18B}.Ad-Hoc|x86.Deploy.0 = Ad-Hoc|iPhone
		{4017492E-E956-45A3-992A-26897096C18B}.AppStore|Any CPU.ActiveCfg = AppStore|iPhone
		{4017492E-E956-45A3-992A-26897096C18B}.AppStore|Any CPU.Build.0 = AppStore|iPhone
		{4017492E-E956-45A3-992A-26897096C18B}.AppStore|Any CPU.Deploy.0 = AppStore|iPhone
		{4017492E-E956-45A3-992A-26897096C18B}.AppStore|ARM.ActiveCfg = AppStore|iPhone
		{4017492E-E956-45A3-992A-26897096C18B}.AppStore|ARM.Build.0 = AppStore|iPhone
		{4017492E-E956-45A3-992A-26897096C18B}.AppStore|ARM.Deploy.0 = AppStore|iPhone
		{4017492E-E956-45A3-992A-26897096C18B}.AppStore|iPhone.ActiveCfg = AppStore|iPhone
		{4017492E-E956-45A3-992A-26897096C18B}.AppStore|iPhone.Build.0 = AppStore|iPhone
		{4017492E-E956-45A3-992A-26897096C18B}.AppStore|iPhone.Deploy.0 = AppStore|iPhone
		{4017492E-E956-45A3-992A-26897096C18B}.AppStore|iPhoneSimulator.ActiveCfg = AppStore|iPhoneSimulator
		{4017492E-E956-45A3-992A-26897096C18B}.AppStore|iPhoneSimulator.Build.0 = AppStore|iPhoneSimulator
		{4017492E-E956-45A3-992A-26897096C18B}.AppStore|iPhoneSimulator.Deploy.0 = AppStore|iPhoneSimulator
		{4017492E-E956-45A3-992A-26897096C18B}.AppStore|x64.ActiveCfg = AppStore|iPhone
		{4017492E-E956-45A3-992A-26897096C18B}.AppStore|x64.Build.0 = AppStore|iPhone
		{4017492E-E956-45A3-992A-26897096C18B}.AppStore|x64.Deploy.0 = AppStore|iPhone
		{4017492E-E956-45A3-992A-26897096C18B}.AppStore|x86.ActiveCfg = AppStore|iPhone
		{4017492E-E956-45A3-992A-26897096C18B}.AppStore|x86.Build.0 = AppStore|iPhone
		{4017492E-E956-45A3-992A-26897096C18B}.AppStore|x86.Deploy.0 = AppStore|iPhone
		{4017492E-E956-45A3-992A-26897096C18B}.Debug|Any CPU.ActiveCfg = Debug|iPhoneSimulator
		{4017492E-E956-45A3-992A-26897096C18B}.Debug|Any CPU.Build.0 = Debug|iPhoneSimulator
		{4017492E-E956-45A3-992A-26897096C18B}.Debug|Any CPU.Deploy.0 = Debug|iPhoneSimulator
		{4017492E-E956-45A3-992A-26897096C18B}.Debug|ARM.ActiveCfg = Debug|iPhone
		{4017492E-E956-45A3-992A-26897096C18B}.Debug|ARM.Build.0 = Debug|iPhone
		{4017492E-E956-45A3-992A-26897096C18B}.Debug|ARM.Deploy.0 = Debug|iPhone
		{4017492E-E956-45A3-992A-26897096C18B}.Debug|iPhone.ActiveCfg = Debug|iPhone
		{4017492E-E956-45A3-992A-26897096C18B}.Debug|iPhone.Build.0 = Debug|iPhone
		{4017492E-E956-45A3-992A-26897096C18B}.Debug|iPhone.Deploy.0 = Debug|iPhone
		{4017492E-E956-45A3-992A-26897096C18B}.Debug|iPhoneSimulator.ActiveCfg = Debug|iPhoneSimulator
		{4017492E-E956-45A3-992A-26897096C18B}.Debug|iPhoneSimulator.Build.0 = Debug|iPhoneSimulator
		{4017492E-E956-45A3-992A-26897096C18B}.Debug|iPhoneSimulator.Deploy.0 = Debug|iPhoneSimulator
		{4017492E-E956-45A3-992A-26897096C18B}.Debug|x64.ActiveCfg = Debug|iPhone
		{4017492E-E956-45A3-992A-26897096C18B}.Debug|x64.Build.0 = Debug|iPhone
		{4017492E-E956-45A3-992A-26897096C18B}.Debug|x64.Deploy.0 = Debug|iPhone
		{4017492E-E956-45A3-992A-26897096C18B}.Debug|x86.ActiveCfg = Debug|iPhone
		{4017492E-E956-45A3-992A-26897096C18B}.Debug|x86.Build.0 = Debug|iPhone
		{4017492E-E956-45A3-992A-26897096C18B}.Debug|x86.Deploy.0 = Debug|iPhone
		{4017492E-E956-45A3-992A-26897096C18B}.Release|Any CPU.ActiveCfg = Release|iPhone
		{4017492E-E956-45A3-992A-26897096C18B}.Release|Any CPU.Build.0 = Release|iPhone
		{4017492E-E956-45A3-992A-26897096C18B}.Release|Any CPU.Deploy.0 = Release|iPhone
		{4017492E-E956-45A3-992A-26897096C18B}.Release|ARM.ActiveCfg = Release|iPhone
		{4017492E-E956-45A3-992A-26897096C18B}.Release|ARM.Build.0 = Release|iPhone
		{4017492E-E956-45A3-992A-26897096C18B}.Release|ARM.Deploy.0 = Release|iPhone
		{4017492E-E956-45A3-992A-26897096C18B}.Release|iPhone.ActiveCfg = Release|iPhone
		{4017492E-E956-45A3-992A-26897096C18B}.Release|iPhone.Build.0 = Release|iPhone
		{4017492E-E956-45A3-992A-26897096C18B}.Release|iPhone.Deploy.0 = Release|iPhone
		{4017492E-E956-45A3-992A-26897096C18B}.Release|iPhoneSimulator.ActiveCfg = Release|iPhoneSimulator
		{4017492E-E956-45A3-992A-26897096C18B}.Release|iPhoneSimulator.Build.0 = Release|iPhoneSimulator
		{4017492E-E956-45A3-992A-26897096C18B}.Release|iPhoneSimulator.Deploy.0 = Release|iPhoneSimulator
		{4017492E-E956-45A3-992A-26897096C18B}.Release|x64.ActiveCfg = Release|iPhone
		{4017492E-E956-45A3-992A-26897096C18B}.Release|x64.Build.0 = Release|iPhone
		{4017492E-E956-45A3-992A-26897096C18B}.Release|x64.Deploy.0 = Release|iPhone
		{4017492E-E956-45A3-992A-26897096C18B}.Release|x86.ActiveCfg = Release|iPhone
		{4017492E-E956-45A3-992A-26897096C18B}.Release|x86.Build.0 = Release|iPhone
		{4017492E-E956-45A3-992A-26897096C18B}.Release|x86.Deploy.0 = Release|iPhone
		{0FFE3885-A33E-414D-B041-D606EEB788D0}.Ad-Hoc|Any CPU.ActiveCfg = Release|x86
		{0FFE3885-A33E-414D-B041-D606EEB788D0}.Ad-Hoc|Any CPU.Build.0 = Release|x86
		{0FFE3885-A33E-414D-B041-D606EEB788D0}.Ad-Hoc|Any CPU.Deploy.0 = Release|x86
		{0FFE3885-A33E-414D-B041-D606EEB788D0}.Ad-Hoc|ARM.ActiveCfg = Release|ARM
		{0FFE3885-A33E-414D-B041-D606EEB788D0}.Ad-Hoc|ARM.Build.0 = Release|ARM
		{0FFE3885-A33E-414D-B041-D606EEB788D0}.Ad-Hoc|ARM.Deploy.0 = Release|ARM
		{0FFE3885-A33E-414D-B041-D606EEB788D0}.Ad-Hoc|iPhone.ActiveCfg = Release|x86
		{0FFE3885-A33E-414D-B041-D606EEB788D0}.Ad-Hoc|iPhone.Build.0 = Release|x86
		{0FFE3885-A33E-414D-B041-D606EEB788D0}.Ad-Hoc|iPhone.Deploy.0 = Release|x86
		{0FFE3885-A33E-414D-B041-D606EEB788D0}.Ad-Hoc|iPhoneSimulator.ActiveCfg = Release|x86
		{0FFE3885-A33E-414D-B041-D606EEB788D0}.Ad-Hoc|iPhoneSimulator.Build.0 = Release|x86
		{0FFE3885-A33E-414D-B041-D606EEB788D0}.Ad-Hoc|iPhoneSimulator.Deploy.0 = Release|x86
		{0FFE3885-A33E-414D-B041-D606EEB788D0}.Ad-Hoc|x64.ActiveCfg = Release|x64
		{0FFE3885-A33E-414D-B041-D606EEB788D0}.Ad-Hoc|x64.Build.0 = Release|x64
		{0FFE3885-A33E-414D-B041-D606EEB788D0}.Ad-Hoc|x64.Deploy.0 = Release|x64
		{0FFE3885-A33E-414D-B041-D606EEB788D0}.Ad-Hoc|x86.ActiveCfg = Release|x86
		{0FFE3885-A33E-414D-B041-D606EEB788D0}.Ad-Hoc|x86.Build.0 = Release|x86
		{0FFE3885-A33E-414D-B041-D606EEB788D0}.Ad-Hoc|x86.Deploy.0 = Release|x86
		{0FFE3885-A33E-414D-B041-D606EEB788D0}.AppStore|Any CPU.ActiveCfg = Release|x86
		{0FFE3885-A33E-414D-B041-D606EEB788D0}.AppStore|Any CPU.Build.0 = Release|x86
		{0FFE3885-A33E-414D-B041-D606EEB788D0}.AppStore|Any CPU.Deploy.0 = Release|x86
		{0FFE3885-A33E-414D-B041-D606EEB788D0}.AppStore|ARM.ActiveCfg = Release|ARM
		{0FFE3885-A33E-414D-B041-D606EEB788D0}.AppStore|ARM.Build.0 = Release|ARM
		{0FFE3885-A33E-414D-B041-D606EEB788D0}.AppStore|ARM.Deploy.0 = Release|ARM
		{0FFE3885-A33E-414D-B041-D606EEB788D0}.AppStore|iPhone.ActiveCfg = Release|x86
		{0FFE3885-A33E-414D-B041-D606EEB788D0}.AppStore|iPhone.Build.0 = Release|x86
		{0FFE3885-A33E-414D-B041-D606EEB788D0}.AppStore|iPhone.Deploy.0 = Release|x86
		{0FFE3885-A33E-414D-B041-D606EEB788D0}.AppStore|iPhoneSimulator.ActiveCfg = Release|x86
		{0FFE3885-A33E-414D-B041-D606EEB788D0}.AppStore|iPhoneSimulator.Build.0 = Release|x86
		{0FFE3885-A33E-414D-B041-D606EEB788D0}.AppStore|iPhoneSimulator.Deploy.0 = Release|x86
		{0FFE3885-A33E-414D-B041-D606EEB788D0}.AppStore|x64.ActiveCfg = Release|x64
		{0FFE3885-A33E-414D-B041-D606EEB788D0}.AppStore|x64.Build.0 = Release|x64
		{0FFE3885-A33E-414D-B041-D606EEB788D0}.AppStore|x64.Deploy.0 = Release|x64
		{0FFE3885-A33E-414D-B041-D606EEB788D0}.AppStore|x86.ActiveCfg = Release|x86
		{0FFE3885-A33E-414D-B041-D606EEB788D0}.AppStore|x86.Build.0 = Release|x86
		{0FFE3885-A33E-414D-B041-D606EEB788D0}.AppStore|x86.Deploy.0 = Release|x86
		{0FFE3885-A33E-414D-B041-D606EEB788D0}.Debug|Any CPU.ActiveCfg = Debug|x86
		{0FFE3885-A33E-414D-B041-D606EEB788D0}.Debug|Any CPU.Build.0 = Debug|x86
		{0FFE3885-A33E-414D-B041-D606EEB788D0}.Debug|Any CPU.Deploy.0 = Debug|x86
		{0FFE3885-A33E-414D-B041-D606EEB788D0}.Debug|ARM.ActiveCfg = Debug|ARM
		{0FFE3885-A33E-414D-B041-D606EEB788D0}.Debug|ARM.Build.0 = Debug|ARM
		{0FFE3885-A33E-414D-B041-D606EEB788D0}.Debug|ARM.Deploy.0 = Debug|ARM
		{0FFE3885-A33E-414D-B041-D606EEB788D0}.Debug|iPhone.ActiveCfg = Debug|x86
		{0FFE3885-A33E-414D-B041-D606EEB788D0}.Debug|iPhone.Build.0 = Debug|x86
		{0FFE3885-A33E-414D-B041-D606EEB788D0}.Debug|iPhone.Deploy.0 = Debug|x86
		{0FFE3885-A33E-414D-B041-D606EEB788D0}.Debug|iPhoneSimulator.ActiveCfg = Debug|x86
		{0FFE3885-A33E-414D-B041-D606EEB788D0}.Debug|iPhoneSimulator.Build.0 = Debug|x86
		{0FFE3885-A33E-414D-B041-D606EEB788D0}.Debug|iPhoneSimulator.Deploy.0 = Debug|x86
		{0FFE3885-A33E-414D-B041-D606EEB788D0}.Debug|x64.ActiveCfg = Debug|x64
		{0FFE3885-A33E-414D-B041-D606EEB788D0}.Debug|x64.Build.0 = Debug|x64
		{0FFE3885-A33E-414D-B041-D606EEB788D0}.Debug|x64.Deploy.0 = Debug|x64
		{0FFE3885-A33E-414D-B041-D606EEB788D0}.Debug|x86.ActiveCfg = Debug|x86
		{0FFE3885-A33E-414D-B041-D606EEB788D0}.Debug|x86.Build.0 = Debug|x86
		{0FFE3885-A33E-414D-B041-D606EEB788D0}.Debug|x86.Deploy.0 = Debug|x86
		{0FFE3885-A33E-414D-B041-D606EEB788D0}.Release|Any CPU.ActiveCfg = Release|x86
		{0FFE3885-A33E-414D-B041-D606EEB788D0}.Release|Any CPU.Build.0 = Release|x86
		{0FFE3885-A33E-414D-B041-D606EEB788D0}.Release|Any CPU.Deploy.0 = Release|x86
		{0FFE3885-A33E-414D-B041-D606EEB788D0}.Release|ARM.ActiveCfg = Release|ARM
		{0FFE3885-A33E-414D-B041-D606EEB788D0}.Release|ARM.Build.0 = Release|ARM
		{0FFE3885-A33E-414D-B041-D606EEB788D0}.Release|ARM.Deploy.0 = Release|ARM
		{0FFE3885-A33E-414D-B041-D606EEB788D0}.Release|iPhone.ActiveCfg = Release|x86
		{0FFE3885-A33E-414D-B041-D606EEB788D0}.Release|iPhone.Build.0 = Release|x86
		{0FFE3885-A33E-414D-B041-D606EEB788D0}.Release|iPhone.Deploy.0 = Release|x86
		{0FFE3885-A33E-414D-B041-D606EEB788D0}.Release|iPhoneSimulator.ActiveCfg = Release|x86
		{0FFE3885-A33E-414D-B041-D606EEB788D0}.Release|iPhoneSimulator.Build.0 = Release|x86
		{0FFE3885-A33E-414D-B041-D606EEB788D0}.Release|iPhoneSimulator.Deploy.0 = Release|x86
		{0FFE3885-A33E-414D-B041-D606EEB788D0}.Release|x64.ActiveCfg = Release|x64
		{0FFE3885-A33E-414D-B041-D606EEB788D0}.Release|x64.Build.0 = Release|x64
		{0FFE3885-A33E-414D-B041-D606EEB788D0}.Release|x64.Deploy.0 = Release|x64
		{0FFE3885-A33E-414D-B041-D606EEB788D0}.Release|x86.ActiveCfg = Release|x86
		{0FFE3885-A33E-414D-B041-D606EEB788D0}.Release|x86.Build.0 = Release|x86
		{0FFE3885-A33E-414D-B041-D606EEB788D0}.Release|x86.Deploy.0 = Release|x86
		{49D594A2-844F-4CCA-887D-96DD4245D5F7}.Ad-Hoc|Any CPU.ActiveCfg = Debug|Any CPU
		{49D594A2-844F-4CCA-887D-96DD4245D5F7}.Ad-Hoc|Any CPU.Build.0 = Debug|Any CPU
		{49D594A2-844F-4CCA-887D-96DD4245D5F7}.Ad-Hoc|Any CPU.Deploy.0 = Debug|Any CPU
		{49D594A2-844F-4CCA-887D-96DD4245D5F7}.Ad-Hoc|ARM.ActiveCfg = Debug|Any CPU
		{49D594A2-844F-4CCA-887D-96DD4245D5F7}.Ad-Hoc|ARM.Build.0 = Debug|Any CPU
		{49D594A2-844F-4CCA-887D-96DD4245D5F7}.Ad-Hoc|ARM.Deploy.0 = Debug|Any CPU
		{49D594A2-844F-4CCA-887D-96DD4245D5F7}.Ad-Hoc|iPhone.ActiveCfg = Debug|Any CPU
		{49D594A2-844F-4CCA-887D-96DD4245D5F7}.Ad-Hoc|iPhone.Build.0 = Debug|Any CPU
		{49D594A2-844F-4CCA-887D-96DD4245D5F7}.Ad-Hoc|iPhone.Deploy.0 = Debug|Any CPU
		{49D594A2-844F-4CCA-887D-96DD4245D5F7}.Ad-Hoc|iPhoneSimulator.ActiveCfg = Debug|Any CPU
		{49D594A2-844F-4CCA-887D-96DD4245D5F7}.Ad-Hoc|iPhoneSimulator.Build.0 = Debug|Any CPU
		{49D594A2-844F-4CCA-887D-96DD4245D5F7}.Ad-Hoc|iPhoneSimulator.Deploy.0 = Debug|Any CPU
		{49D594A2-844F-4CCA-887D-96DD4245D5F7}.Ad-Hoc|x64.ActiveCfg = Debug|Any CPU
		{49D594A2-844F-4CCA-887D-96DD4245D5F7}.Ad-Hoc|x64.Build.0 = Debug|Any CPU
		{49D594A2-844F-4CCA-887D-96DD4245D5F7}.Ad-Hoc|x64.Deploy.0 = Debug|Any CPU
		{49D594A2-844F-4CCA-887D-96DD4245D5F7}.Ad-Hoc|x86.ActiveCfg = Debug|Any CPU
		{49D594A2-844F-4CCA-887D-96DD4245D5F7}.Ad-Hoc|x86.Build.0 = Debug|Any CPU
		{49D594A2-844F-4CCA-887D-96DD4245D5F7}.Ad-Hoc|x86.Deploy.0 = Debug|Any CPU
		{49D594A2-844F-4CCA-887D-96DD4245D5F7}.AppStore|Any CPU.ActiveCfg = Debug|Any CPU
		{49D594A2-844F-4CCA-887D-96DD4245D5F7}.AppStore|Any CPU.Build.0 = Debug|Any CPU
		{49D594A2-844F-4CCA-887D-96DD4245D5F7}.AppStore|Any CPU.Deploy.0 = Debug|Any CPU
		{49D594A2-844F-4CCA-887D-96DD4245D5F7}.AppStore|ARM.ActiveCfg = Debug|Any CPU
		{49D594A2-844F-4CCA-887D-96DD4245D5F7}.AppStore|ARM.Build.0 = Debug|Any CPU
		{49D594A2-844F-4CCA-887D-96DD4245D5F7}.AppStore|ARM.Deploy.0 = Debug|Any CPU
		{49D594A2-844F-4CCA-887D-96DD4245D5F7}.AppStore|iPhone.ActiveCfg = Debug|Any CPU
		{49D594A2-844F-4CCA-887D-96DD4245D5F7}.AppStore|iPhone.Build.0 = Debug|Any CPU
		{49D594A2-844F-4CCA-887D-96DD4245D5F7}.AppStore|iPhone.Deploy.0 = Debug|Any CPU
		{49D594A2-844F-4CCA-887D-96DD4245D5F7}.AppStore|iPhoneSimulator.ActiveCfg = Debug|Any CPU
		{49D594A2-844F-4CCA-887D-96DD4245D5F7}.AppStore|iPhoneSimulator.Build.0 = Debug|Any CPU
		{49D594A2-844F-4CCA-887D-96DD4245D5F7}.AppStore|iPhoneSimulator.Deploy.0 = Debug|Any CPU
		{49D594A2-844F-4CCA-887D-96DD4245D5F7}.AppStore|x64.ActiveCfg = Debug|Any CPU
		{49D594A2-844F-4CCA-887D-96DD4245D5F7}.AppStore|x64.Build.0 = Debug|Any CPU
		{49D594A2-844F-4CCA-887D-96DD4245D5F7}.AppStore|x64.Deploy.0 = Debug|Any CPU
		{49D594A2-844F-4CCA-887D-96DD4245D5F7}.AppStore|x86.ActiveCfg = Debug|Any CPU
		{49D594A2-844F-4CCA-887D-96DD4245D5F7}.AppStore|x86.Build.0 = Debug|Any CPU
		{49D594A2-844F-4CCA-887D-96DD4245D5F7}.AppStore|x86.Deploy.0 = Debug|Any CPU
		{49D594A2-844F-4CCA-887D-96DD4245D5F7}.Debug|Any CPU.ActiveCfg = Debug|Any CPU
		{49D594A2-844F-4CCA-887D-96DD4245D5F7}.Debug|Any CPU.Build.0 = Debug|Any CPU
		{49D594A2-844F-4CCA-887D-96DD4245D5F7}.Debug|Any CPU.Deploy.0 = Debug|Any CPU
		{49D594A2-844F-4CCA-887D-96DD4245D5F7}.Debug|ARM.ActiveCfg = Debug|Any CPU
		{49D594A2-844F-4CCA-887D-96DD4245D5F7}.Debug|ARM.Build.0 = Debug|Any CPU
		{49D594A2-844F-4CCA-887D-96DD4245D5F7}.Debug|ARM.Deploy.0 = Debug|Any CPU
		{49D594A2-844F-4CCA-887D-96DD4245D5F7}.Debug|iPhone.ActiveCfg = Debug|Any CPU
		{49D594A2-844F-4CCA-887D-96DD4245D5F7}.Debug|iPhone.Build.0 = Debug|Any CPU
		{49D594A2-844F-4CCA-887D-96DD4245D5F7}.Debug|iPhone.Deploy.0 = Debug|Any CPU
		{49D594A2-844F-4CCA-887D-96DD4245D5F7}.Debug|iPhoneSimulator.ActiveCfg = Debug|Any CPU
		{49D594A2-844F-4CCA-887D-96DD4245D5F7}.Debug|iPhoneSimulator.Build.0 = Debug|Any CPU
		{49D594A2-844F-4CCA-887D-96DD4245D5F7}.Debug|iPhoneSimulator.Deploy.0 = Debug|Any CPU
		{49D594A2-844F-4CCA-887D-96DD4245D5F7}.Debug|x64.ActiveCfg = Debug|Any CPU
		{49D594A2-844F-4CCA-887D-96DD4245D5F7}.Debug|x64.Build.0 = Debug|Any CPU
		{49D594A2-844F-4CCA-887D-96DD4245D5F7}.Debug|x64.Deploy.0 = Debug|Any CPU
		{49D594A2-844F-4CCA-887D-96DD4245D5F7}.Debug|x86.ActiveCfg = Debug|Any CPU
		{49D594A2-844F-4CCA-887D-96DD4245D5F7}.Debug|x86.Build.0 = Debug|Any CPU
		{49D594A2-844F-4CCA-887D-96DD4245D5F7}.Debug|x86.Deploy.0 = Debug|Any CPU
		{49D594A2-844F-4CCA-887D-96DD4245D5F7}.Release|Any CPU.ActiveCfg = Release|Any CPU
		{49D594A2-844F-4CCA-887D-96DD4245D5F7}.Release|Any CPU.Build.0 = Release|Any CPU
		{49D594A2-844F-4CCA-887D-96DD4245D5F7}.Release|Any CPU.Deploy.0 = Release|Any CPU
		{49D594A2-844F-4CCA-887D-96DD4245D5F7}.Release|ARM.ActiveCfg = Release|Any CPU
		{49D594A2-844F-4CCA-887D-96DD4245D5F7}.Release|ARM.Build.0 = Release|Any CPU
		{49D594A2-844F-4CCA-887D-96DD4245D5F7}.Release|ARM.Deploy.0 = Release|Any CPU
		{49D594A2-844F-4CCA-887D-96DD4245D5F7}.Release|iPhone.ActiveCfg = Release|Any CPU
		{49D594A2-844F-4CCA-887D-96DD4245D5F7}.Release|iPhone.Build.0 = Release|Any CPU
		{49D594A2-844F-4CCA-887D-96DD4245D5F7}.Release|iPhone.Deploy.0 = Release|Any CPU
		{49D594A2-844F-4CCA-887D-96DD4245D5F7}.Release|iPhoneSimulator.ActiveCfg = Release|Any CPU
		{49D594A2-844F-4CCA-887D-96DD4245D5F7}.Release|iPhoneSimulator.Build.0 = Release|Any CPU
		{49D594A2-844F-4CCA-887D-96DD4245D5F7}.Release|iPhoneSimulator.Deploy.0 = Release|Any CPU
		{49D594A2-844F-4CCA-887D-96DD4245D5F7}.Release|x64.ActiveCfg = Release|Any CPU
		{49D594A2-844F-4CCA-887D-96DD4245D5F7}.Release|x64.Build.0 = Release|Any CPU
		{49D594A2-844F-4CCA-887D-96DD4245D5F7}.Release|x64.Deploy.0 = Release|Any CPU
		{49D594A2-844F-4CCA-887D-96DD4245D5F7}.Release|x86.ActiveCfg = Release|Any CPU
		{49D594A2-844F-4CCA-887D-96DD4245D5F7}.Release|x86.Build.0 = Release|Any CPU
		{49D594A2-844F-4CCA-887D-96DD4245D5F7}.Release|x86.Deploy.0 = Release|Any CPU
	EndGlobalSection
	GlobalSection(SolutionProperties) = preSolution
		HideSolutionNode = FALSE
	EndGlobalSection
	GlobalSection(ExtensibilityGlobals) = postSolution
		SolutionGuid = {D0A51139-BB6A-4C06-809E-06478E4C2302}
	EndGlobalSection
EndGlobal
